
Microsoft Visual Studio Solution File, Format Version 12.00
# Visual Studio Version 17
VisualStudioVersion = 17.7.34018.315
MinimumVisualStudioVersion = 10.0.40219.1
Project("{FAE04EC0-301F-11D3-BF4B-00C04F79EFBC}") = "Bagus1078(tugas PBO)", "Bagus1078(tugas PBO)\Bagus1078(tugas PBO).csproj", "{63568F30-B345-4739-B5A5-A96908883D94}"
EndProject
Global
	GlobalSection(SolutionConfigurationPlatforms) = preSolution
		Debug|Any CPU = Debug|Any CPU
		Release|Any CPU = Release|Any CPU
	EndGlobalSection
	GlobalSection(ProjectConfigurationPlatforms) = postSolution
		{63568F30-B345-4739-B5A5-A96908883D94}.Debug|Any CPU.ActiveCfg = Debug|Any CPU
		{63568F30-B345-4739-B5A5-A96908883D94}.Debug|Any CPU.Build.0 = Debug|Any CPU
		{63568F30-B345-4739-B5A5-A96908883D94}.Release|Any CPU.ActiveCfg = Release|Any CPU
		{63568F30-B345-4739-B5A5-A96908883D94}.Release|Any CPU.Build.0 = Release|Any CPU
	EndGlobalSection
	GlobalSection(SolutionProperties) = preSolution
		HideSolutionNode = FALSE
	EndGlobalSection
	GlobalSection(ExtensibilityGlobals) = postSolution
		SolutionGuid = {A02316C4-5D82-45E6-994A-D380321D6C08}
	EndGlobalSection
EndGlobal
